
Microsoft Visual Studio Solution File, Format Version 12.00
# Visual Studio Version 16
VisualStudioVersion = 16.0.31729.503
MinimumVisualStudioVersion = 10.0.40219.1
Project("{9A19103F-16F7-4668-BE54-9A1E7A4F7556}") = "RentCarProject", "RentCarProject.csproj", "{A32829A2-18AD-4122-8F34-D477908533ED}"
EndProject
Project("{9A19103F-16F7-4668-BE54-9A1E7A4F7556}") = "RentCarProject.DataAccess", "..\RentCarProject.DataAccess\RentCarProject.DataAccess.csproj", "{C1827F95-6F33-45F5-B50F-66C0F85D0605}"
EndProject
Project("{9A19103F-16F7-4668-BE54-9A1E7A4F7556}") = "RentCarProject.Models", "..\RentCarProject.Models\RentCarProject.Models.csproj", "{C6F6F6A4-0AB5-43EC-8F16-D5CC52ECBCD2}"
EndProject
Project("{9A19103F-16F7-4668-BE54-9A1E7A4F7556}") = "RentCarProject.Diger", "..\RentCarProject.Diger\RentCarProject.Diger.csproj", "{8E97BDAD-F499-4D18-96E0-B243C91D5ABE}"
EndProject
Project("{2150E333-8FDC-42A3-9474-1A3956D46DE8}") = "Solution Items", "Solution Items", "{897BDCDF-5153-4101-A4BA-F353EDB1CE97}"
	ProjectSection(SolutionItems) = preProject
		.editorconfig = .editorconfig
	EndProjectSection
EndProject
Global
	GlobalSection(SolutionConfigurationPlatforms) = preSolution
		Debug|Any CPU = Debug|Any CPU
		Release|Any CPU = Release|Any CPU
	EndGlobalSection
	GlobalSection(ProjectConfigurationPlatforms) = postSolution
		{A32829A2-18AD-4122-8F34-D477908533ED}.Debug|Any CPU.ActiveCfg = Debug|Any CPU
		{A32829A2-18AD-4122-8F34-D477908533ED}.Debug|Any CPU.Build.0 = Debug|Any CPU
		{A32829A2-18AD-4122-8F34-D477908533ED}.Release|Any CPU.ActiveCfg = Release|Any CPU
		{A32829A2-18AD-4122-8F34-D477908533ED}.Release|Any CPU.Build.0 = Release|Any CPU
		{C1827F95-6F33-45F5-B50F-66C0F85D0605}.Debug|Any CPU.ActiveCfg = Debug|Any CPU
		{C1827F95-6F33-45F5-B50F-66C0F85D0605}.Debug|Any CPU.Build.0 = Debug|Any CPU
		{C1827F95-6F33-45F5-B50F-66C0F85D0605}.Release|Any CPU.ActiveCfg = Release|Any CPU
		{C1827F95-6F33-45F5-B50F-66C0F85D0605}.Release|Any CPU.Build.0 = Release|Any CPU
		{C6F6F6A4-0AB5-43EC-8F16-D5CC52ECBCD2}.Debug|Any CPU.ActiveCfg = Debug|Any CPU
		{C6F6F6A4-0AB5-43EC-8F16-D5CC52ECBCD2}.Debug|Any CPU.Build.0 = Debug|Any CPU
		{C6F6F6A4-0AB5-43EC-8F16-D5CC52ECBCD2}.Release|Any CPU.ActiveCfg = Release|Any CPU
		{C6F6F6A4-0AB5-43EC-8F16-D5CC52ECBCD2}.Release|Any CPU.Build.0 = Release|Any CPU
		{8E97BDAD-F499-4D18-96E0-B243C91D5ABE}.Debug|Any CPU.ActiveCfg = Debug|Any CPU
		{8E97BDAD-F499-4D18-96E0-B243C91D5ABE}.Debug|Any CPU.Build.0 = Debug|Any CPU
		{8E97BDAD-F499-4D18-96E0-B243C91D5ABE}.Release|Any CPU.ActiveCfg = Release|Any CPU
		{8E97BDAD-F499-4D18-96E0-B243C91D5ABE}.Release|Any CPU.Build.0 = Release|Any CPU
	EndGlobalSection
	GlobalSection(SolutionProperties) = preSolution
		HideSolutionNode = FALSE
	EndGlobalSection
	GlobalSection(ExtensibilityGlobals) = postSolution
		SolutionGuid = {E6AC4613-3FD3-4268-961F-204859D1DB89}
	EndGlobalSection
EndGlobal
